
Microsoft Visual Studio Solution File, Format Version 12.00
# Visual Studio Version 16
VisualStudioVersion = 16.0.30804.86
MinimumVisualStudioVersion = 10.0.40219.1
Project("{FAE04EC0-301F-11D3-BF4B-00C04F79EFBC}") = "xadrez-console-", "xadrez-console-\xadrez-console-.csproj", "{E0FF7924-1CA1-4260-B934-3CF874682496}"
EndProject
Global
	GlobalSection(SolutionConfigurationPlatforms) = preSolution
		Debug|Any CPU = Debug|Any CPU
		Release|Any CPU = Release|Any CPU
	EndGlobalSection
	GlobalSection(ProjectConfigurationPlatforms) = postSolution
		{E0FF7924-1CA1-4260-B934-3CF874682496}.Debug|Any CPU.ActiveCfg = Debug|Any CPU
		{E0FF7924-1CA1-4260-B934-3CF874682496}.Debug|Any CPU.Build.0 = Debug|Any CPU
		{E0FF7924-1CA1-4260-B934-3CF874682496}.Release|Any CPU.ActiveCfg = Release|Any CPU
		{E0FF7924-1CA1-4260-B934-3CF874682496}.Release|Any CPU.Build.0 = Release|Any CPU
	EndGlobalSection
	GlobalSection(SolutionProperties) = preSolution
		HideSolutionNode = FALSE
	EndGlobalSection
	GlobalSection(ExtensibilityGlobals) = postSolution
		SolutionGuid = {6D94B2AA-2B75-4A9D-8F18-5E5F3920E036}
	EndGlobalSection
EndGlobal
